
Microsoft Visual Studio Solution File, Format Version 12.00
# Visual Studio Version 16
VisualStudioVersion = 16.0.31205.134
MinimumVisualStudioVersion = 10.0.40219.1
Project("{FAE04EC0-301F-11D3-BF4B-00C04F79EFBC}") = "RazorTeste", "RazorTeste\RazorTeste.csproj", "{6DD006F5-87C3-4E4F-8C9F-C17121940784}"
EndProject
Global
	GlobalSection(SolutionConfigurationPlatforms) = preSolution
		Debug|Any CPU = Debug|Any CPU
		Release|Any CPU = Release|Any CPU
	EndGlobalSection
	GlobalSection(ProjectConfigurationPlatforms) = postSolution
		{6DD006F5-87C3-4E4F-8C9F-C17121940784}.Debug|Any CPU.ActiveCfg = Debug|Any CPU
		{6DD006F5-87C3-4E4F-8C9F-C17121940784}.Debug|Any CPU.Build.0 = Debug|Any CPU
		{6DD006F5-87C3-4E4F-8C9F-C17121940784}.Release|Any CPU.ActiveCfg = Release|Any CPU
		{6DD006F5-87C3-4E4F-8C9F-C17121940784}.Release|Any CPU.Build.0 = Release|Any CPU
	EndGlobalSection
	GlobalSection(SolutionProperties) = preSolution
		HideSolutionNode = FALSE
	EndGlobalSection
	GlobalSection(ExtensibilityGlobals) = postSolution
		SolutionGuid = {0361E467-5A6B-4992-934A-710C2398495F}
	EndGlobalSection
EndGlobal
